
Microsoft Visual Studio Solution File, Format Version 12.00
# Visual Studio Version 17
VisualStudioVersion = 17.0.32112.339
MinimumVisualStudioVersion = 10.0.40219.1
Project("{888888A0-9F3D-457C-B088-3A5042F75D52}") = "Games with python", "Games with python\Games with python.pyproj", "{1D307D5B-57A9-4247-A8D1-09AFAD88FD4B}"
EndProject
Global
	GlobalSection(SolutionConfigurationPlatforms) = preSolution
		Debug|Any CPU = Debug|Any CPU
		Release|Any CPU = Release|Any CPU
	EndGlobalSection
	GlobalSection(ProjectConfigurationPlatforms) = postSolution
		{1D307D5B-57A9-4247-A8D1-09AFAD88FD4B}.Debug|Any CPU.ActiveCfg = Debug|Any CPU
		{1D307D5B-57A9-4247-A8D1-09AFAD88FD4B}.Release|Any CPU.ActiveCfg = Release|Any CPU
	EndGlobalSection
	GlobalSection(SolutionProperties) = preSolution
		HideSolutionNode = FALSE
	EndGlobalSection
	GlobalSection(ExtensibilityGlobals) = postSolution
		SolutionGuid = {BE75B1B1-FA29-4E84-84B2-1E4ECDAB8180}
	EndGlobalSection
EndGlobal
